
Microsoft Visual Studio Solution File, Format Version 12.00
# Visual Studio Version 17
VisualStudioVersion = 17.4.33403.182
MinimumVisualStudioVersion = 10.0.40219.1
Project("{9A19103F-16F7-4668-BE54-9A1E7A4F7556}") = "rasp-test", "rasp-test\rasp-test.csproj", "{F27DE959-E6F5-4A9D-B51B-3014D7953A30}"
EndProject
Global
	GlobalSection(SolutionConfigurationPlatforms) = preSolution
		Debug|Any CPU = Debug|Any CPU
		Release|Any CPU = Release|Any CPU
	EndGlobalSection
	GlobalSection(ProjectConfigurationPlatforms) = postSolution
		{F27DE959-E6F5-4A9D-B51B-3014D7953A30}.Debug|Any CPU.ActiveCfg = Debug|Any CPU
		{F27DE959-E6F5-4A9D-B51B-3014D7953A30}.Debug|Any CPU.Build.0 = Debug|Any CPU
		{F27DE959-E6F5-4A9D-B51B-3014D7953A30}.Release|Any CPU.ActiveCfg = Release|Any CPU
		{F27DE959-E6F5-4A9D-B51B-3014D7953A30}.Release|Any CPU.Build.0 = Release|Any CPU
	EndGlobalSection
	GlobalSection(SolutionProperties) = preSolution
		HideSolutionNode = FALSE
	EndGlobalSection
	GlobalSection(ExtensibilityGlobals) = postSolution
		SolutionGuid = {AE17F610-A3BF-4E3C-8B9E-64E5AD4ED999}
	EndGlobalSection
EndGlobal
